
Microsoft Visual Studio Solution File, Format Version 12.00
# Visual Studio Version 17
VisualStudioVersion = 17.0.31903.59
MinimumVisualStudioVersion = 10.0.40219.1
Project("{2150E333-8FDC-42A3-9474-1A3956D46DE8}") = "src", "src", "{C114F75E-5A1E-4E25-9B59-4C23423FE0C1}"
EndProject
Project("{FAE04EC0-301F-11D3-BF4B-00C04F79EFBC}") = "proto", "src\proto\proto.csproj", "{B4496B7F-A314-4B08-B0DF-B1488CA047A8}"
EndProject
Project("{FAE04EC0-301F-11D3-BF4B-00C04F79EFBC}") = "greeter_server", "src\greeter_server\greeter_server.csproj", "{3FD075AE-337F-4FEC-B17E-CA4ECBAB3F50}"
EndProject
Project("{FAE04EC0-301F-11D3-BF4B-00C04F79EFBC}") = "greeter_client", "src\greeter_client\greeter_client.csproj", "{3E9E0BAE-6AF5-4A9A-936D-3B566D2BD149}"
EndProject
Project("{FAE04EC0-301F-11D3-BF4B-00C04F79EFBC}") = "unit_tests", "src\unit_tests\unit_tests.csproj", "{BEE3BF77-D044-4A08-8F83-4A25A18160E4}"
EndProject
Global
	GlobalSection(SolutionConfigurationPlatforms) = preSolution
		Debug|Any CPU = Debug|Any CPU
		Debug|x64 = Debug|x64
		Debug|x86 = Debug|x86
		Release|Any CPU = Release|Any CPU
		Release|x64 = Release|x64
		Release|x86 = Release|x86
	EndGlobalSection
	GlobalSection(ProjectConfigurationPlatforms) = postSolution
		{B4496B7F-A314-4B08-B0DF-B1488CA047A8}.Debug|Any CPU.ActiveCfg = Debug|Any CPU
		{B4496B7F-A314-4B08-B0DF-B1488CA047A8}.Debug|Any CPU.Build.0 = Debug|Any CPU
		{B4496B7F-A314-4B08-B0DF-B1488CA047A8}.Debug|x64.ActiveCfg = Debug|Any CPU
		{B4496B7F-A314-4B08-B0DF-B1488CA047A8}.Debug|x64.Build.0 = Debug|Any CPU
		{B4496B7F-A314-4B08-B0DF-B1488CA047A8}.Debug|x86.ActiveCfg = Debug|Any CPU
		{B4496B7F-A314-4B08-B0DF-B1488CA047A8}.Debug|x86.Build.0 = Debug|Any CPU
		{B4496B7F-A314-4B08-B0DF-B1488CA047A8}.Release|Any CPU.ActiveCfg = Release|Any CPU
		{B4496B7F-A314-4B08-B0DF-B1488CA047A8}.Release|Any CPU.Build.0 = Release|Any CPU
		{B4496B7F-A314-4B08-B0DF-B1488CA047A8}.Release|x64.ActiveCfg = Release|Any CPU
		{B4496B7F-A314-4B08-B0DF-B1488CA047A8}.Release|x64.Build.0 = Release|Any CPU
		{B4496B7F-A314-4B08-B0DF-B1488CA047A8}.Release|x86.ActiveCfg = Release|Any CPU
		{B4496B7F-A314-4B08-B0DF-B1488CA047A8}.Release|x86.Build.0 = Release|Any CPU
		{3FD075AE-337F-4FEC-B17E-CA4ECBAB3F50}.Debug|Any CPU.ActiveCfg = Debug|Any CPU
		{3FD075AE-337F-4FEC-B17E-CA4ECBAB3F50}.Debug|Any CPU.Build.0 = Debug|Any CPU
		{3FD075AE-337F-4FEC-B17E-CA4ECBAB3F50}.Debug|x64.ActiveCfg = Debug|Any CPU
		{3FD075AE-337F-4FEC-B17E-CA4ECBAB3F50}.Debug|x64.Build.0 = Debug|Any CPU
		{3FD075AE-337F-4FEC-B17E-CA4ECBAB3F50}.Debug|x86.ActiveCfg = Debug|Any CPU
		{3FD075AE-337F-4FEC-B17E-CA4ECBAB3F50}.Debug|x86.Build.0 = Debug|Any CPU
		{3FD075AE-337F-4FEC-B17E-CA4ECBAB3F50}.Release|Any CPU.ActiveCfg = Release|Any CPU
		{3FD075AE-337F-4FEC-B17E-CA4ECBAB3F50}.Release|Any CPU.Build.0 = Release|Any CPU
		{3FD075AE-337F-4FEC-B17E-CA4ECBAB3F50}.Release|x64.ActiveCfg = Release|Any CPU
		{3FD075AE-337F-4FEC-B17E-CA4ECBAB3F50}.Release|x64.Build.0 = Release|Any CPU
		{3FD075AE-337F-4FEC-B17E-CA4ECBAB3F50}.Release|x86.ActiveCfg = Release|Any CPU
		{3FD075AE-337F-4FEC-B17E-CA4ECBAB3F50}.Release|x86.Build.0 = Release|Any CPU
		{3E9E0BAE-6AF5-4A9A-936D-3B566D2BD149}.Debug|Any CPU.ActiveCfg = Debug|Any CPU
		{3E9E0BAE-6AF5-4A9A-936D-3B566D2BD149}.Debug|Any CPU.Build.0 = Debug|Any CPU
		{3E9E0BAE-6AF5-4A9A-936D-3B566D2BD149}.Debug|x64.ActiveCfg = Debug|Any CPU
		{3E9E0BAE-6AF5-4A9A-936D-3B566D2BD149}.Debug|x64.Build.0 = Debug|Any CPU
		{3E9E0BAE-6AF5-4A9A-936D-3B566D2BD149}.Debug|x86.ActiveCfg = Debug|Any CPU
		{3E9E0BAE-6AF5-4A9A-936D-3B566D2BD149}.Debug|x86.Build.0 = Debug|Any CPU
		{3E9E0BAE-6AF5-4A9A-936D-3B566D2BD149}.Release|Any CPU.ActiveCfg = Release|Any CPU
		{3E9E0BAE-6AF5-4A9A-936D-3B566D2BD149}.Release|Any CPU.Build.0 = Release|Any CPU
		{3E9E0BAE-6AF5-4A9A-936D-3B566D2BD149}.Release|x64.ActiveCfg = Release|Any CPU
		{3E9E0BAE-6AF5-4A9A-936D-3B566D2BD149}.Release|x64.Build.0 = Release|Any CPU
		{3E9E0BAE-6AF5-4A9A-936D-3B566D2BD149}.Release|x86.ActiveCfg = Release|Any CPU
		{3E9E0BAE-6AF5-4A9A-936D-3B566D2BD149}.Release|x86.Build.0 = Release|Any CPU
		{BEE3BF77-D044-4A08-8F83-4A25A18160E4}.Debug|Any CPU.ActiveCfg = Debug|Any CPU
		{BEE3BF77-D044-4A08-8F83-4A25A18160E4}.Debug|Any CPU.Build.0 = Debug|Any CPU
		{BEE3BF77-D044-4A08-8F83-4A25A18160E4}.Debug|x64.ActiveCfg = Debug|Any CPU
		{BEE3BF77-D044-4A08-8F83-4A25A18160E4}.Debug|x64.Build.0 = Debug|Any CPU
		{BEE3BF77-D044-4A08-8F83-4A25A18160E4}.Debug|x86.ActiveCfg = Debug|Any CPU
		{BEE3BF77-D044-4A08-8F83-4A25A18160E4}.Debug|x86.Build.0 = Debug|Any CPU
		{BEE3BF77-D044-4A08-8F83-4A25A18160E4}.Release|Any CPU.ActiveCfg = Release|Any CPU
		{BEE3BF77-D044-4A08-8F83-4A25A18160E4}.Release|Any CPU.Build.0 = Release|Any CPU
		{BEE3BF77-D044-4A08-8F83-4A25A18160E4}.Release|x64.ActiveCfg = Release|Any CPU
		{BEE3BF77-D044-4A08-8F83-4A25A18160E4}.Release|x64.Build.0 = Release|Any CPU
		{BEE3BF77-D044-4A08-8F83-4A25A18160E4}.Release|x86.ActiveCfg = Release|Any CPU
		{BEE3BF77-D044-4A08-8F83-4A25A18160E4}.Release|x86.Build.0 = Release|Any CPU
	EndGlobalSection
	GlobalSection(SolutionProperties) = preSolution
		HideSolutionNode = FALSE
	EndGlobalSection
	GlobalSection(NestedProjects) = preSolution
		{B4496B7F-A314-4B08-B0DF-B1488CA047A8} = {C114F75E-5A1E-4E25-9B59-4C23423FE0C1}
		{3FD075AE-337F-4FEC-B17E-CA4ECBAB3F50} = {C114F75E-5A1E-4E25-9B59-4C23423FE0C1}
		{3E9E0BAE-6AF5-4A9A-936D-3B566D2BD149} = {C114F75E-5A1E-4E25-9B59-4C23423FE0C1}
		{BEE3BF77-D044-4A08-8F83-4A25A18160E4} = {C114F75E-5A1E-4E25-9B59-4C23423FE0C1}
	EndGlobalSection
EndGlobal
